
Microsoft Visual Studio Solution File, Format Version 12.00
# Visual Studio Version 17
VisualStudioVersion = 17.1.32319.34
MinimumVisualStudioVersion = 10.0.40219.1
Project("{FAE04EC0-301F-11D3-BF4B-00C04F79EFBC}") = "UnitTestDLL01", "UnitTestDLL01.csproj", "{041E152A-BA41-4311-A3CB-F6C6945112FA}"
EndProject
Global
	GlobalSection(SolutionConfigurationPlatforms) = preSolution
		Debug|Any CPU = Debug|Any CPU
		Release|Any CPU = Release|Any CPU
	EndGlobalSection
	GlobalSection(ProjectConfigurationPlatforms) = postSolution
		{041E152A-BA41-4311-A3CB-F6C6945112FA}.Debug|Any CPU.ActiveCfg = Debug|Any CPU
		{041E152A-BA41-4311-A3CB-F6C6945112FA}.Debug|Any CPU.Build.0 = Debug|Any CPU
		{041E152A-BA41-4311-A3CB-F6C6945112FA}.Release|Any CPU.ActiveCfg = Release|Any CPU
		{041E152A-BA41-4311-A3CB-F6C6945112FA}.Release|Any CPU.Build.0 = Release|Any CPU
	EndGlobalSection
	GlobalSection(SolutionProperties) = preSolution
		HideSolutionNode = FALSE
	EndGlobalSection
	GlobalSection(ExtensibilityGlobals) = postSolution
		SolutionGuid = {EF5D7B89-6189-4B0A-AEF3-B289E0D8B3A5}
	EndGlobalSection
EndGlobal
